
Microsoft Visual Studio Solution File, Format Version 12.00
# Visual Studio Version 16
VisualStudioVersion = 25.0.1706.7
MinimumVisualStudioVersion = 10.0.40219.1
Project("{FAE04EC0-301F-11D3-BF4B-00C04F79EFBC}") = "Microservices-Net6", "Microservices-Net6\Microservices-Net6.csproj", "{7EDE5F87-C555-474F-A9F3-2543BFD566CD}"
EndProject
Global
	GlobalSection(SolutionConfigurationPlatforms) = preSolution
		Debug|Any CPU = Debug|Any CPU
		Release|Any CPU = Release|Any CPU
	EndGlobalSection
	GlobalSection(ProjectConfigurationPlatforms) = postSolution
		{7EDE5F87-C555-474F-A9F3-2543BFD566CD}.Debug|Any CPU.ActiveCfg = Debug|Any CPU
		{7EDE5F87-C555-474F-A9F3-2543BFD566CD}.Debug|Any CPU.Build.0 = Debug|Any CPU
		{7EDE5F87-C555-474F-A9F3-2543BFD566CD}.Release|Any CPU.ActiveCfg = Release|Any CPU
		{7EDE5F87-C555-474F-A9F3-2543BFD566CD}.Release|Any CPU.Build.0 = Release|Any CPU
	EndGlobalSection
	GlobalSection(SolutionProperties) = preSolution
		HideSolutionNode = FALSE
	EndGlobalSection
	GlobalSection(ExtensibilityGlobals) = postSolution
		SolutionGuid = {DEE6AD09-B6C8-4916-99F8-0559F1129476}
	EndGlobalSection
EndGlobal
